
Microsoft Visual Studio Solution File, Format Version 12.00
# Visual Studio Version 17
VisualStudioVersion = 17.10.35013.160
MinimumVisualStudioVersion = 10.0.40219.1
Project("{888888A0-9F3D-457C-B088-3A5042F75D52}") = "AV1Patcher", "AV1Patcher.pyproj", "{8706DC9B-CCF2-4D9D-9EAC-BBD36E4E9B6C}"
	ProjectSection(ProjectDependencies) = postProject
		{00AD9824-2619-4A69-99FA-ED3A529E406C} = {00AD9824-2619-4A69-99FA-ED3A529E406C}
		{691E5207-21C2-4F9A-9581-9F60DA67B586} = {691E5207-21C2-4F9A-9581-9F60DA67B586}
		{A0A2A297-FFA2-45B7-BDF9-084CEBD4EF45} = {A0A2A297-FFA2-45B7-BDF9-084CEBD4EF45}
		{C5833559-DBE1-447B-8CAF-8CF8F26824B0} = {C5833559-DBE1-447B-8CAF-8CF8F26824B0}
	EndProjectSection
EndProject
Project("{8BC9CEB8-8B4A-11D0-8D11-00A0C91BC942}") = "Bootloader", "Bootloader\Bootloader.vcxproj", "{691E5207-21C2-4F9A-9581-9F60DA67B586}"
EndProject
Project("{FAE04EC0-301F-11D3-BF4B-00C04F79EFBC}") = "Patcher", "Patcher\Patcher.csproj", "{A0A2A297-FFA2-45B7-BDF9-084CEBD4EF45}"
EndProject
Project("{FAE04EC0-301F-11D3-BF4B-00C04F79EFBC}") = "TestApp", "TestApp\TestApp.csproj", "{00AD9824-2619-4A69-99FA-ED3A529E406C}"
EndProject
Project("{FAE04EC0-301F-11D3-BF4B-00C04F79EFBC}") = "TestApp4", "TestApp4\TestApp4.csproj", "{C5833559-DBE1-447B-8CAF-8CF8F26824B0}"
EndProject
Global
	GlobalSection(SolutionConfigurationPlatforms) = preSolution
		Debug|Any CPU = Debug|Any CPU
		Debug|x64 = Debug|x64
		Debug|x86 = Debug|x86
		Release|Any CPU = Release|Any CPU
		Release|x64 = Release|x64
		Release|x86 = Release|x86
	EndGlobalSection
	GlobalSection(ProjectConfigurationPlatforms) = postSolution
		{8706DC9B-CCF2-4D9D-9EAC-BBD36E4E9B6C}.Debug|Any CPU.ActiveCfg = Debug|Any CPU
		{8706DC9B-CCF2-4D9D-9EAC-BBD36E4E9B6C}.Debug|x64.ActiveCfg = Debug|Any CPU
		{8706DC9B-CCF2-4D9D-9EAC-BBD36E4E9B6C}.Debug|x86.ActiveCfg = Debug|Any CPU
		{8706DC9B-CCF2-4D9D-9EAC-BBD36E4E9B6C}.Debug|x86.Build.0 = Debug|Any CPU
		{8706DC9B-CCF2-4D9D-9EAC-BBD36E4E9B6C}.Release|Any CPU.ActiveCfg = Release|Any CPU
		{8706DC9B-CCF2-4D9D-9EAC-BBD36E4E9B6C}.Release|x64.ActiveCfg = Release|Any CPU
		{8706DC9B-CCF2-4D9D-9EAC-BBD36E4E9B6C}.Release|x86.ActiveCfg = Release|Any CPU
		{691E5207-21C2-4F9A-9581-9F60DA67B586}.Debug|Any CPU.ActiveCfg = Debug|x64
		{691E5207-21C2-4F9A-9581-9F60DA67B586}.Debug|Any CPU.Build.0 = Debug|x64
		{691E5207-21C2-4F9A-9581-9F60DA67B586}.Debug|x64.ActiveCfg = Debug|x64
		{691E5207-21C2-4F9A-9581-9F60DA67B586}.Debug|x64.Build.0 = Debug|x64
		{691E5207-21C2-4F9A-9581-9F60DA67B586}.Debug|x86.ActiveCfg = Debug|Win32
		{691E5207-21C2-4F9A-9581-9F60DA67B586}.Debug|x86.Build.0 = Debug|Win32
		{691E5207-21C2-4F9A-9581-9F60DA67B586}.Release|Any CPU.ActiveCfg = Release|x64
		{691E5207-21C2-4F9A-9581-9F60DA67B586}.Release|Any CPU.Build.0 = Release|x64
		{691E5207-21C2-4F9A-9581-9F60DA67B586}.Release|x64.ActiveCfg = Release|x64
		{691E5207-21C2-4F9A-9581-9F60DA67B586}.Release|x64.Build.0 = Release|x64
		{691E5207-21C2-4F9A-9581-9F60DA67B586}.Release|x86.ActiveCfg = Release|Win32
		{691E5207-21C2-4F9A-9581-9F60DA67B586}.Release|x86.Build.0 = Release|Win32
		{A0A2A297-FFA2-45B7-BDF9-084CEBD4EF45}.Debug|Any CPU.ActiveCfg = Debug|Any CPU
		{A0A2A297-FFA2-45B7-BDF9-084CEBD4EF45}.Debug|Any CPU.Build.0 = Debug|Any CPU
		{A0A2A297-FFA2-45B7-BDF9-084CEBD4EF45}.Debug|x64.ActiveCfg = Debug|Any CPU
		{A0A2A297-FFA2-45B7-BDF9-084CEBD4EF45}.Debug|x64.Build.0 = Debug|Any CPU
		{A0A2A297-FFA2-45B7-BDF9-084CEBD4EF45}.Debug|x86.ActiveCfg = Debug|Any CPU
		{A0A2A297-FFA2-45B7-BDF9-084CEBD4EF45}.Debug|x86.Build.0 = Debug|Any CPU
		{A0A2A297-FFA2-45B7-BDF9-084CEBD4EF45}.Release|Any CPU.ActiveCfg = Release|Any CPU
		{A0A2A297-FFA2-45B7-BDF9-084CEBD4EF45}.Release|Any CPU.Build.0 = Release|Any CPU
		{A0A2A297-FFA2-45B7-BDF9-084CEBD4EF45}.Release|x64.ActiveCfg = Release|Any CPU
		{A0A2A297-FFA2-45B7-BDF9-084CEBD4EF45}.Release|x64.Build.0 = Release|Any CPU
		{A0A2A297-FFA2-45B7-BDF9-084CEBD4EF45}.Release|x86.ActiveCfg = Release|Any CPU
		{A0A2A297-FFA2-45B7-BDF9-084CEBD4EF45}.Release|x86.Build.0 = Release|Any CPU
		{00AD9824-2619-4A69-99FA-ED3A529E406C}.Debug|Any CPU.ActiveCfg = Debug|Any CPU
		{00AD9824-2619-4A69-99FA-ED3A529E406C}.Debug|Any CPU.Build.0 = Debug|Any CPU
		{00AD9824-2619-4A69-99FA-ED3A529E406C}.Debug|x64.ActiveCfg = Debug|Any CPU
		{00AD9824-2619-4A69-99FA-ED3A529E406C}.Debug|x64.Build.0 = Debug|Any CPU
		{00AD9824-2619-4A69-99FA-ED3A529E406C}.Debug|x86.ActiveCfg = Debug|Any CPU
		{00AD9824-2619-4A69-99FA-ED3A529E406C}.Debug|x86.Build.0 = Debug|Any CPU
		{00AD9824-2619-4A69-99FA-ED3A529E406C}.Release|Any CPU.ActiveCfg = Release|Any CPU
		{00AD9824-2619-4A69-99FA-ED3A529E406C}.Release|Any CPU.Build.0 = Release|Any CPU
		{00AD9824-2619-4A69-99FA-ED3A529E406C}.Release|x64.ActiveCfg = Release|Any CPU
		{00AD9824-2619-4A69-99FA-ED3A529E406C}.Release|x64.Build.0 = Release|Any CPU
		{00AD9824-2619-4A69-99FA-ED3A529E406C}.Release|x86.ActiveCfg = Release|Any CPU
		{00AD9824-2619-4A69-99FA-ED3A529E406C}.Release|x86.Build.0 = Release|Any CPU
		{C5833559-DBE1-447B-8CAF-8CF8F26824B0}.Debug|Any CPU.ActiveCfg = Debug|Any CPU
		{C5833559-DBE1-447B-8CAF-8CF8F26824B0}.Debug|Any CPU.Build.0 = Debug|Any CPU
		{C5833559-DBE1-447B-8CAF-8CF8F26824B0}.Debug|x64.ActiveCfg = Debug|Any CPU
		{C5833559-DBE1-447B-8CAF-8CF8F26824B0}.Debug|x64.Build.0 = Debug|Any CPU
		{C5833559-DBE1-447B-8CAF-8CF8F26824B0}.Debug|x86.ActiveCfg = Debug|Any CPU
		{C5833559-DBE1-447B-8CAF-8CF8F26824B0}.Debug|x86.Build.0 = Debug|Any CPU
		{C5833559-DBE1-447B-8CAF-8CF8F26824B0}.Release|Any CPU.ActiveCfg = Release|Any CPU
		{C5833559-DBE1-447B-8CAF-8CF8F26824B0}.Release|Any CPU.Build.0 = Release|Any CPU
		{C5833559-DBE1-447B-8CAF-8CF8F26824B0}.Release|x64.ActiveCfg = Release|Any CPU
		{C5833559-DBE1-447B-8CAF-8CF8F26824B0}.Release|x64.Build.0 = Release|Any CPU
		{C5833559-DBE1-447B-8CAF-8CF8F26824B0}.Release|x86.ActiveCfg = Release|Any CPU
		{C5833559-DBE1-447B-8CAF-8CF8F26824B0}.Release|x86.Build.0 = Release|Any CPU
	EndGlobalSection
	GlobalSection(SolutionProperties) = preSolution
		HideSolutionNode = FALSE
	EndGlobalSection
	GlobalSection(ExtensibilityGlobals) = postSolution
		SolutionGuid = {2BD5E090-15A3-4010-959F-D9FCC589C673}
	EndGlobalSection
EndGlobal
